<?xml version="1.0" encoding="utf-8"?>
<Project ToolsVersion="4.0" xmlns="http://schemas.microsoft.com/developer/msbuild/2003">
  <ItemGroup>
    <ClInclude Include="..\..\ctpapi\windows\DataCollect.h" />
    <ClInclude Include="..\..\ctpapi\windows\ThostFtdcMdApi.h" />
    <ClInclude Include="..\..\ctpapi\windows\ThostFtdcTraderApi.h" />
    <ClInclude Include="..\..\ctpapi\windows\ThostFtdcUserApiDataType.h" />
    <ClInclude Include="..\..\ctpapi\windows\ThostFtdcUserApiStruct.h" />
    <ClInclude Include="..\..\csrc\windows\ctptrade_api.h" />
  </ItemGroup>
  <ItemGroup>
    <None Include="..\..\ctpapi\windows\error.dtd" />
    <None Include="..\..\ctpapi\windows\thosttraderapi_se.dll" />
    <None Include="..\..\ctpapi\windows\WinDataCollect.dll" />
    <None Include="..\..\ctpapi\windows\thostmduserapi_se.dll" />
  </ItemGroup>
  <ItemGroup>
    <Xml Include="..\..\ctpapi\windows\error.xml" />
  </ItemGroup>
  <ItemGroup>
    <Library Include="..\..\ctpapi\windows\thosttraderapi_se.lib" />
    <Library Include="..\..\ctpapi\windows\WinDataCollect.lib" />
    <Library Include="..\..\ctpapi\windows\thostmduserapi_se.lib" />
  </ItemGroup>
  <ItemGroup>
    <Text Include="..\..\ctpapi\windows\v6.6.9_20220914_tradeapi升级说明.txt" />
  </ItemGroup>
  <ItemGroup>
    <ClCompile Include="..\..\csrc\windows\ctptrade_api.cpp" />
  </ItemGroup>
</Project>